{
  "version": 2,
  "dependencies": {
    "net10.0": {
      "OpenTelemetry.Exporter.Console": {
        "type": "Direct",
        "requested": "[1.19.1, )",
        "resolved": "1.19.1",
        "contentHash": "rLxjM+ZmSZZxRvtAuPFpaKIZ9t7D1obFZdxAr1WyCJmqv4yV7xJl2AlhCUoZghUmIXe5AOHXFevp3aSQcSTo+Q==",
        "dependencies": {
          "OpenTelemetry": "1.19.1"
        }
      },
      "OpenTelemetry.Extensions.Hosting": {
        "type": "Direct",
        "requested": "[1.19.1, )",
        "resolved": "1.19.1",
        "contentHash": "3qqZfVmW8mKA2/fRwI83o8z+yZd33KbEqRlXrlX0+3e/U7i+z0MQiCr0L3Axxa0jGdiylIrpWX4DIT9nAbJ00A==",
        "dependencies": {
          "OpenTelemetry": "1.19.1"
        }
      },
      "OpenTelemetry.Instrumentation.AspNetCore": {
        "type": "Direct",
        "requested": "[1.19.0, )",
        "resolved": "1.19.0",
        "contentHash": "reypo7g0Nzyssg1EkbfWU6W58CVFgtgkSEGrFXtbpA+bNit7HUs7587DOkOdPCgqWr3IL4f6X9B2yhnU6POrFA==",
        "dependencies": {
          "OpenTelemetry.Api.ProviderBuilderExtensions": "[1.19.0, 2.0.0)"
        }
      },
      "bblanchon.PDFium.Linux": {
        "type": "Transitive",
        "resolved": "156.0.8066",
        "contentHash": "yH/JDjD7FotAB9762zY98vSkHk3pcNEgqQ3G71IJ3N2byH3b2lCwxmulUqFzG8PCRiSbeSXPcrPiIqOGLj3ogA=="
      },
      "bblanchon.PDFium.macOS": {
        "type": "Transitive",
        "resolved": "156.0.8066",
        "contentHash": "zHDLEG+uhe//ZGl3gdRgSQ6qaD2cTh1EAJjT75IlZFl0BTP5/XvGf4gD+DAWtAmWQFiY1exfbebr5lp4o7LJ2Q=="
      },
      "bblanchon.PDFium.Win32": {
        "type": "Transitive",
        "resolved": "156.0.8066",
        "contentHash": "A8ENJ1+c7Hf8s5EEODmRnwL6FWCPinFrGdna9p4Sa2jRORagFWO1q/3Hw6tLAD2fCdkNWN33bVifQgxIpDEGpQ=="
      },
      "OpenTelemetry": {
        "type": "Transitive",
        "resolved": "1.19.1",
        "contentHash": "6ywhc3upf+dq8EsOohj7I7zS3l4yX9vfbtFkvyEC8xIUY4Z9iDIOVuke356eCAzIZaWtmwmmyl2UXYCp5n7I3Q==",
        "dependencies": {
          "OpenTelemetry.Api.ProviderBuilderExtensions": "1.19.1"
        }
      },
      "OpenTelemetry.Api": {
        "type": "Transitive",
        "resolved": "1.19.1",
        "contentHash": "9JKIH+xrV0HNTFjQC8zrx9gZpDOMEljN5Htg/U0VE2IvO3N+7bKALCCsGy5tp09marX5dd8UkrgQFoLaulIBRw=="
      },
      "OpenTelemetry.Api.ProviderBuilderExtensions": {
        "type": "Transitive",
        "resolved": "1.19.1",
        "contentHash": "HtGe72B/IhzKqdU0a3fNE5osax/Cegwxd+p4u6lOFy20nsgmeaFuP2NRyFs1WvrOv/bpkII3IvvBkKoZXG8BLg==",
        "dependencies": {
          "OpenTelemetry.Api": "1.19.1"
        }
      },
      "SkiaSharp": {
        "type": "Transitive",
        "resolved": "4.152.1",
        "contentHash": "p3rj8SVoa+2Tmx1EITE4jIwCDPcYjwXdZ3c9yM6l9wNn6572hwxzrth6WOBK0iGnAoTGoJBZuZpy8wYjbov6sw==",
        "dependencies": {
          "SkiaSharp.NativeAssets.Win32": "4.152.1",
          "SkiaSharp.NativeAssets.macOS": "4.152.1"
        }
      },
      "SkiaSharp.NativeAssets.Linux.NoDependencies": {
        "type": "Transitive",
        "resolved": "4.152.1",
        "contentHash": "I/WMSZeE4QFFJoXGu5SNJVhWOBLZqtaUIN5wug3VaTJzpPEsk0t1GMrv0OG+ZoRrXExoW8RLo/bye+WkjVuEFQ=="
      },
      "SkiaSharp.NativeAssets.macOS": {
        "type": "Transitive",
        "resolved": "4.152.1",
        "contentHash": "gKaE2zNHsPLjlA88ZClRNmtZlHNGEa/W4iPy5GpP1TtUELIXzrSr2udCbl1GWYFuCdA36IycBk5YhUuK1xi9UA=="
      },
      "SkiaSharp.NativeAssets.Win32": {
        "type": "Transitive",
        "resolved": "4.152.1",
        "contentHash": "MLDP6XT8CHLHF6gZlpW06iswGNBlL/JB2+SKuSLz0Y0k1zzsfofNyUY6J6FC32A4/F67E9S8MwovRBL+ELw0lw=="
      },
      "pdfiumraster.orchestrator": {
        "type": "Project",
        "dependencies": {
          "PdfiumRaster": "[2.0.5, 3.0.0)"
        }
      },
      "PdfiumRaster": {
        "type": "CentralTransitive",
        "requested": "[2.0.5, 3.0.0)",
        "resolved": "2.0.5",
        "contentHash": "x5/Ay/cwXXWr7iNgPsQ/uRHt9c4ZZm1aUTFLrnmbGWiDjRhDX3MWF7vT73b52K0DlIqO2tbQou1a93hboRQ6gA==",
        "dependencies": {
          "SkiaSharp": "4.152.1",
          "SkiaSharp.NativeAssets.Linux.NoDependencies": "4.152.1",
          "SkiaSharp.NativeAssets.Win32": "4.152.1",
          "SkiaSharp.NativeAssets.macOS": "4.152.1",
          "bblanchon.PDFium.Linux": "156.0.8066",
          "bblanchon.PDFium.Win32": "156.0.8066",
          "bblanchon.PDFium.macOS": "156.0.8066"
        }
      }
    }
  }
}