{
  "version": 2,
  "dependencies": {
    "net10.0": {
      "OpenTelemetry.Exporter.Console": {
        "type": "Direct",
        "requested": "[1.19.1, )",
        "resolved": "1.19.1",
        "contentHash": "rLxjM+ZmSZZxRvtAuPFpaKIZ9t7D1obFZdxAr1WyCJmqv4yV7xJl2AlhCUoZghUmIXe5AOHXFevp3aSQcSTo+Q==",
        "dependencies": {
          "OpenTelemetry": "1.19.1"
        }
      },
      "OpenTelemetry.Extensions.Hosting": {
        "type": "Direct",
        "requested": "[1.19.1, )",
        "resolved": "1.19.1",
        "contentHash": "3qqZfVmW8mKA2/fRwI83o8z+yZd33KbEqRlXrlX0+3e/U7i+z0MQiCr0L3Axxa0jGdiylIrpWX4DIT9nAbJ00A==",
        "dependencies": {
          "OpenTelemetry": "1.19.1"
        }
      },
      "OpenTelemetry.Instrumentation.AspNetCore": {
        "type": "Direct",
        "requested": "[1.19.0, )",
        "resolved": "1.19.0",
        "contentHash": "reypo7g0Nzyssg1EkbfWU6W58CVFgtgkSEGrFXtbpA+bNit7HUs7587DOkOdPCgqWr3IL4f6X9B2yhnU6POrFA==",
        "dependencies": {
          "OpenTelemetry.Api.ProviderBuilderExtensions": "[1.19.0, 2.0.0)"
        }
      },
      "bblanchon.PDFium.Linux": {
        "type": "Transitive",
        "resolved": "153.0.8009",
        "contentHash": "oSAGCDUuNc40AUjZ8hIg5SNSVzcMeONiSP5E4AXln852hLh6oYWhoomhAOdYiMrDDhiegUlgh5UByg3lZUHPkg=="
      },
      "bblanchon.PDFium.macOS": {
        "type": "Transitive",
        "resolved": "153.0.8009",
        "contentHash": "Nw3HM7vwZczifRcZB6G9ahxsVy4VVR0SB/KiVxkRxwh+0RI9DAPqESfwnNUe7yrpiSw4wYGkYmIzfbSbsT7YGQ=="
      },
      "bblanchon.PDFium.Win32": {
        "type": "Transitive",
        "resolved": "153.0.8009",
        "contentHash": "PfERosgyCvN+u+l397813OS20eCDhQVgDFNg/RnOhwaQ2n94uH7xo5lrMr9fG1kqqNByyUkrOX+cP+zFqEBp/A=="
      },
      "OpenTelemetry": {
        "type": "Transitive",
        "resolved": "1.19.1",
        "contentHash": "6ywhc3upf+dq8EsOohj7I7zS3l4yX9vfbtFkvyEC8xIUY4Z9iDIOVuke356eCAzIZaWtmwmmyl2UXYCp5n7I3Q==",
        "dependencies": {
          "OpenTelemetry.Api.ProviderBuilderExtensions": "1.19.1"
        }
      },
      "OpenTelemetry.Api": {
        "type": "Transitive",
        "resolved": "1.19.1",
        "contentHash": "9JKIH+xrV0HNTFjQC8zrx9gZpDOMEljN5Htg/U0VE2IvO3N+7bKALCCsGy5tp09marX5dd8UkrgQFoLaulIBRw=="
      },
      "OpenTelemetry.Api.ProviderBuilderExtensions": {
        "type": "Transitive",
        "resolved": "1.19.1",
        "contentHash": "HtGe72B/IhzKqdU0a3fNE5osax/Cegwxd+p4u6lOFy20nsgmeaFuP2NRyFs1WvrOv/bpkII3IvvBkKoZXG8BLg==",
        "dependencies": {
          "OpenTelemetry.Api": "1.19.1"
        }
      },
      "SkiaSharp": {
        "type": "Transitive",
        "resolved": "4.151.1",
        "contentHash": "FNlVsGZ9to3o9pObVqhIZanHjUGOoPb/Zxk5svCSLMJnKwxPKV7sIJrjs9BpB/jF3j9OdsaMOb4cfwSJbjueSw==",
        "dependencies": {
          "SkiaSharp.NativeAssets.Win32": "4.151.1",
          "SkiaSharp.NativeAssets.macOS": "4.151.1"
        }
      },
      "SkiaSharp.NativeAssets.Linux.NoDependencies": {
        "type": "Transitive",
        "resolved": "4.151.1",
        "contentHash": "lqPwXxYhKlmRfCuq1vGRLYEtRo3tn3ij1IGi0tI2qzkKHU6HOznHqZW+NqHV8aSKasPmRawbwlKLLPI132+SEA=="
      },
      "SkiaSharp.NativeAssets.macOS": {
        "type": "Transitive",
        "resolved": "4.151.1",
        "contentHash": "nLXwdhi0oB7pqqNLbSOLX+FIZQOMAU/yFPspzcDTJjTmPbMWyp0JWyeVj8sFJ/cweurEfT0J/lvfgdXX2EFHXA=="
      },
      "SkiaSharp.NativeAssets.Win32": {
        "type": "Transitive",
        "resolved": "4.151.1",
        "contentHash": "G+nln30ZX2ZuhH+ungf6x/QMXCje38KTS0VTfQeMyeY8uyMBmsZwFz2D30ZxUjZqsVbEIcaC2bsYF65876s4Yg=="
      },
      "pdfiumraster.orchestrator": {
        "type": "Project",
        "dependencies": {
          "PdfiumRaster": "[2.0.4, 3.0.0)"
        }
      },
      "PdfiumRaster": {
        "type": "CentralTransitive",
        "requested": "[2.0.4, 3.0.0)",
        "resolved": "2.0.4",
        "contentHash": "1+UGxWPmB0CSmQO38im0NVvbvxbkSUJmaj7yw3k7TD68xVjsQJi5HXpINhj06ZDKF1lLD/D6d2SElkplUNvSQg==",
        "dependencies": {
          "SkiaSharp": "4.151.1",
          "SkiaSharp.NativeAssets.Linux.NoDependencies": "4.151.1",
          "SkiaSharp.NativeAssets.Win32": "4.151.1",
          "SkiaSharp.NativeAssets.macOS": "4.151.1",
          "bblanchon.PDFium.Linux": "153.0.8009",
          "bblanchon.PDFium.Win32": "153.0.8009",
          "bblanchon.PDFium.macOS": "153.0.8009"
        }
      }
    }
  }
}