{
  "version": 2,
  "dependencies": {
    "net10.0": {
      "bblanchon.PDFium.Linux": {
        "type": "Transitive",
        "resolved": "156.0.8066",
        "contentHash": "yH/JDjD7FotAB9762zY98vSkHk3pcNEgqQ3G71IJ3N2byH3b2lCwxmulUqFzG8PCRiSbeSXPcrPiIqOGLj3ogA=="
      },
      "bblanchon.PDFium.macOS": {
        "type": "Transitive",
        "resolved": "156.0.8066",
        "contentHash": "zHDLEG+uhe//ZGl3gdRgSQ6qaD2cTh1EAJjT75IlZFl0BTP5/XvGf4gD+DAWtAmWQFiY1exfbebr5lp4o7LJ2Q=="
      },
      "bblanchon.PDFium.Win32": {
        "type": "Transitive",
        "resolved": "156.0.8066",
        "contentHash": "A8ENJ1+c7Hf8s5EEODmRnwL6FWCPinFrGdna9p4Sa2jRORagFWO1q/3Hw6tLAD2fCdkNWN33bVifQgxIpDEGpQ=="
      },
      "Microsoft.Extensions.Configuration.Abstractions": {
        "type": "Transitive",
        "resolved": "10.0.12",
        "contentHash": "8xaGcvS/qZ1otoxPQCEJkNva389CVL/plNcvIETZhQTETYdRkYDPEYhUMoAGONo4FU45ufdfE0j29AfWVVj0wA==",
        "dependencies": {
          "Microsoft.Extensions.Primitives": "10.0.12"
        }
      },
      "Microsoft.Extensions.Diagnostics.Abstractions": {
        "type": "Transitive",
        "resolved": "10.0.12",
        "contentHash": "fMp91qlRlMOuHfMyp7LuAnOS+MOeWTF1obJmyFcs4nZCXu6pr+QB1AbFJcl2qpBltBrqF/Y7+Rn9IuNcSuctig==",
        "dependencies": {
          "Microsoft.Extensions.DependencyInjection.Abstractions": "10.0.12",
          "Microsoft.Extensions.Options": "10.0.12"
        }
      },
      "Microsoft.Extensions.Diagnostics.HealthChecks.Abstractions": {
        "type": "Transitive",
        "resolved": "10.0.12",
        "contentHash": "oN4AYFq+50m7a65GgRxRqjdynWS6kVQAH6gHKRTfsrLP/aH7RvxIQ7139fjbnrxBwzfZQtZRhlcjvEIiRzihrg=="
      },
      "Microsoft.Extensions.FileProviders.Abstractions": {
        "type": "Transitive",
        "resolved": "10.0.12",
        "contentHash": "iQseV6HixWzEYQH4i++84ToIroXnM5jC1TJF4EqBz3lWNG1HBTMYDLkRb6Wm3wk5V6WqSfl7NukO/LYsloGyfg==",
        "dependencies": {
          "Microsoft.Extensions.Primitives": "10.0.12"
        }
      },
      "Microsoft.Extensions.Options": {
        "type": "Transitive",
        "resolved": "10.0.12",
        "contentHash": "TDYD33TSRpXKZWlmTXNlj5kCihxatmv2Ec1u6C+bMYLphCS7PoSLE9Pjd/nunDoE7yETk+LLKjVJX78HYtWjpA==",
        "dependencies": {
          "Microsoft.Extensions.DependencyInjection.Abstractions": "10.0.12",
          "Microsoft.Extensions.Primitives": "10.0.12"
        }
      },
      "Microsoft.Extensions.Primitives": {
        "type": "Transitive",
        "resolved": "10.0.12",
        "contentHash": "dYfCLR52UA+3DL7C4I/pvSaRPkNqxrUAQmbFL2u0zvYKKzqgrFCJl08Df+F1aYc8leu9JvpC9bsURUdpExcBXQ=="
      },
      "SkiaSharp": {
        "type": "Transitive",
        "resolved": "4.152.1",
        "contentHash": "p3rj8SVoa+2Tmx1EITE4jIwCDPcYjwXdZ3c9yM6l9wNn6572hwxzrth6WOBK0iGnAoTGoJBZuZpy8wYjbov6sw==",
        "dependencies": {
          "SkiaSharp.NativeAssets.Win32": "4.152.1",
          "SkiaSharp.NativeAssets.macOS": "4.152.1"
        }
      },
      "SkiaSharp.NativeAssets.Linux.NoDependencies": {
        "type": "Transitive",
        "resolved": "4.152.1",
        "contentHash": "I/WMSZeE4QFFJoXGu5SNJVhWOBLZqtaUIN5wug3VaTJzpPEsk0t1GMrv0OG+ZoRrXExoW8RLo/bye+WkjVuEFQ=="
      },
      "SkiaSharp.NativeAssets.macOS": {
        "type": "Transitive",
        "resolved": "4.152.1",
        "contentHash": "gKaE2zNHsPLjlA88ZClRNmtZlHNGEa/W4iPy5GpP1TtUELIXzrSr2udCbl1GWYFuCdA36IycBk5YhUuK1xi9UA=="
      },
      "SkiaSharp.NativeAssets.Win32": {
        "type": "Transitive",
        "resolved": "4.152.1",
        "contentHash": "MLDP6XT8CHLHF6gZlpW06iswGNBlL/JB2+SKuSLz0Y0k1zzsfofNyUY6J6FC32A4/F67E9S8MwovRBL+ELw0lw=="
      },
      "pdfiumraster.orchestrator": {
        "type": "Project",
        "dependencies": {
          "Microsoft.Extensions.DependencyInjection.Abstractions": "[10.0.12, )",
          "Microsoft.Extensions.Diagnostics.HealthChecks": "[10.0.12, )",
          "Microsoft.Extensions.Hosting.Abstractions": "[10.0.12, )",
          "Microsoft.Extensions.Logging.Abstractions": "[10.0.12, )",
          "PdfiumRaster": "[2.0.5, 3.0.0)"
        }
      },
      "Microsoft.Extensions.DependencyInjection.Abstractions": {
        "type": "CentralTransitive",
        "requested": "[10.0.12, )",
        "resolved": "10.0.12",
        "contentHash": "9/qymSh7hVDMGTGwrLz8MRp5zRyXy9adGDOs4HwRdnLil3oZGYuWeZjbmHgCQ9BL1qBroVfgUK3U/nb61617Cw=="
      },
      "Microsoft.Extensions.Diagnostics.HealthChecks": {
        "type": "CentralTransitive",
        "requested": "[10.0.12, )",
        "resolved": "10.0.12",
        "contentHash": "Ck8nkBxEYPOGtUCp0whKwfE4qAHBnsK0DY1kgZLKvzf7s9xyr4lASa4K4AKNN1VHy7r3Z1Z57U6C0TMzFjD8ig==",
        "dependencies": {
          "Microsoft.Extensions.Diagnostics.HealthChecks.Abstractions": "10.0.12",
          "Microsoft.Extensions.Hosting.Abstractions": "10.0.12",
          "Microsoft.Extensions.Logging.Abstractions": "10.0.12",
          "Microsoft.Extensions.Options": "10.0.12"
        }
      },
      "Microsoft.Extensions.Hosting.Abstractions": {
        "type": "CentralTransitive",
        "requested": "[10.0.12, )",
        "resolved": "10.0.12",
        "contentHash": "ZlIxIJtWmrph0Ikj0svSaTkZ+d+ZYpTAhazpf1b3aoFRmlNnNWwkcvqnqT9yKHjKvfBRthvUrkq11OxfItOhpg==",
        "dependencies": {
          "Microsoft.Extensions.Configuration.Abstractions": "10.0.12",
          "Microsoft.Extensions.DependencyInjection.Abstractions": "10.0.12",
          "Microsoft.Extensions.Diagnostics.Abstractions": "10.0.12",
          "Microsoft.Extensions.FileProviders.Abstractions": "10.0.12",
          "Microsoft.Extensions.Logging.Abstractions": "10.0.12"
        }
      },
      "Microsoft.Extensions.Logging.Abstractions": {
        "type": "CentralTransitive",
        "requested": "[10.0.12, )",
        "resolved": "10.0.12",
        "contentHash": "+24lC4plfbEDNfLAdTV/SWKS7dW+16X4HdydO3R++134kSNTzcbYA4KpR1Hdh6uWisB8Za3AzwyOn+K+NxWIug==",
        "dependencies": {
          "Microsoft.Extensions.DependencyInjection.Abstractions": "10.0.12"
        }
      },
      "PdfiumRaster": {
        "type": "CentralTransitive",
        "requested": "[2.0.5, 3.0.0)",
        "resolved": "2.0.5",
        "contentHash": "x5/Ay/cwXXWr7iNgPsQ/uRHt9c4ZZm1aUTFLrnmbGWiDjRhDX3MWF7vT73b52K0DlIqO2tbQou1a93hboRQ6gA==",
        "dependencies": {
          "SkiaSharp": "4.152.1",
          "SkiaSharp.NativeAssets.Linux.NoDependencies": "4.152.1",
          "SkiaSharp.NativeAssets.Win32": "4.152.1",
          "SkiaSharp.NativeAssets.macOS": "4.152.1",
          "bblanchon.PDFium.Linux": "156.0.8066",
          "bblanchon.PDFium.Win32": "156.0.8066",
          "bblanchon.PDFium.macOS": "156.0.8066"
        }
      }
    }
  }
}